
Microsoft Visual Studio Solution File, Format Version 12.00
# Visual Studio Version 17
VisualStudioVersion = 17.2.32616.157
MinimumVisualStudioVersion = 10.0.40219.1
Project("{FAE04EC0-301F-11D3-BF4B-00C04F79EFBC}") = "Proyecto_Sistemas_Programables", "Proyecto_Sistemas_Programables\Proyecto_Sistemas_Programables.csproj", "{76D3126F-9E51-44DF-AB2E-969D502C40A9}"
EndProject
Global
	GlobalSection(SolutionConfigurationPlatforms) = preSolution
		Debug|Any CPU = Debug|Any CPU
		Release|Any CPU = Release|Any CPU
	EndGlobalSection
	GlobalSection(ProjectConfigurationPlatforms) = postSolution
		{76D3126F-9E51-44DF-AB2E-969D502C40A9}.Debug|Any CPU.ActiveCfg = Debug|Any CPU
		{76D3126F-9E51-44DF-AB2E-969D502C40A9}.Debug|Any CPU.Build.0 = Debug|Any CPU
		{76D3126F-9E51-44DF-AB2E-969D502C40A9}.Release|Any CPU.ActiveCfg = Release|Any CPU
		{76D3126F-9E51-44DF-AB2E-969D502C40A9}.Release|Any CPU.Build.0 = Release|Any CPU
	EndGlobalSection
	GlobalSection(SolutionProperties) = preSolution
		HideSolutionNode = FALSE
	EndGlobalSection
	GlobalSection(ExtensibilityGlobals) = postSolution
		SolutionGuid = {8167F28F-DAC4-439A-8877-1B66BC9D81A9}
	EndGlobalSection
EndGlobal
